
Microsoft Visual Studio Solution File, Format Version 12.00
# Visual Studio 15
VisualStudioVersion = 15.0.27130.2010
MinimumVisualStudioVersion = 10.0.40219.1
Project("{2150E333-8FDC-42A3-9474-1A3956D46DE8}") = "SolutionItems", "SolutionItems", "{FA2993A8-709F-4EA0-AE08-B01E02723241}"
	ProjectSection(SolutionItems) = preProject
		readme.md = readme.md
	EndProjectSection
EndProject
Project("{FAE04EC0-301F-11D3-BF4B-00C04F79EFBC}") = "Tests", "Tests\Tests.csproj", "{D924DA4B-8769-43E8-8A6D-CFF0898AA027}"
EndProject
Global
	GlobalSection(SolutionConfigurationPlatforms) = preSolution
		Debug|Any CPU = Debug|Any CPU
		Release|Any CPU = Release|Any CPU
	EndGlobalSection
	GlobalSection(ProjectConfigurationPlatforms) = postSolution
		{D924DA4B-8769-43E8-8A6D-CFF0898AA027}.Debug|Any CPU.ActiveCfg = Debug|Any CPU
		{D924DA4B-8769-43E8-8A6D-CFF0898AA027}.Debug|Any CPU.Build.0 = Debug|Any CPU
		{D924DA4B-8769-43E8-8A6D-CFF0898AA027}.Release|Any CPU.ActiveCfg = Release|Any CPU
		{D924DA4B-8769-43E8-8A6D-CFF0898AA027}.Release|Any CPU.Build.0 = Release|Any CPU
	EndGlobalSection
	GlobalSection(SolutionProperties) = preSolution
		HideSolutionNode = FALSE
	EndGlobalSection
	GlobalSection(ExtensibilityGlobals) = postSolution
		SolutionGuid = {708C75FC-6991-4602-A4A1-89E2D5D50B15}
	EndGlobalSection
EndGlobal
